{
  "name": "typescript",
  "version": "1.0.0",
  "lockfileVersion": 1,
  "requires": true,
  "dependencies": {
    "@manwaring/lambda-wrapper": {
      "version": "0.3.8",
      "resolved": "https://registry.npmjs.org/@manwaring/lambda-wrapper/-/lambda-wrapper-0.3.8.tgz",
      "integrity": "sha512-Ylfq7z1MJQuW5CjNxtoM81IjZaA/Y60+5lEEZ0ZPyvwVL+gR1F88yzr8wohDtfKZjxis8sOwNRG1EHcBZU+FOA==",
      "requires": {
        "cfn-response": "^1.0.1"
      }
    },
    "cfn-response": {
      "version": "1.0.1",
      "resolved": "https://registry.npmjs.org/cfn-response/-/cfn-response-1.0.1.tgz",
      "integrity": "sha1-qOwDlQwGg8UUlejKaA2dwLiEsTc="
    }
  }
}
